<?xml version="1.0" encoding="utf-8"?>
<Project ToolsVersion="4.0" xmlns="http://schemas.microsoft.com/developer/msbuild/2003">
  <ItemGroup>
    <Filter Include="Source Files">
      <UniqueIdentifier>{4FC737F1-C7A5-4376-A066-2A32D752A2FF}</UniqueIdentifier>
      <Extensions>cpp;c;cc;cxx;def;odl;idl;hpj;bat;asm;asmx</Extensions>
    </Filter>
    <Filter Include="Header Files">
      <UniqueIdentifier>{93995380-89BD-4b04-88EB-625FBE52EBFB}</UniqueIdentifier>
      <Extensions>h;hpp;hxx;hm;inl;inc;xsd</Extensions>
    </Filter>
    <Filter Include="Resource Files">
      <UniqueIdentifier>{67DA6AB6-F800-4c08-8B7A-83BB121AAD01}</UniqueIdentifier>
      <Extensions>rc;ico;cur;bmp;dlg;rc2;rct;bin;rgs;gif;jpg;jpeg;jpe;resx;tiff;tif;png;wav;mfcribbon-ms</Extensions>
    </Filter>
    <Filter Include="External Includes">
      <UniqueIdentifier>{8ed514ae-f2c7-4651-87b6-99a2d708eae5}</UniqueIdentifier>
    </Filter>
  </ItemGroup>
  <ItemGroup>
    <ClCompile Include="..\compiler\f8c.cpp">
      <Filter>Source Files</Filter>
    </ClCompile>
    <ClCompile Include="..\compiler\f8cutils.cpp">
      <Filter>Source Files</Filter>
    </ClCompile>
    <ClCompile Include="..\compiler\f8precomp.cpp">
      <Filter>Source Files</Filter>
    </ClCompile>
    <ClCompile Include="..\compiler\precomp.cpp">
      <Filter>Source Files</Filter>
    </ClCompile>
  </ItemGroup>
  <ItemGroup>
    <ClInclude Include="..\compiler\f8cstatic.hpp">
      <Filter>Header Files</Filter>
    </ClInclude>
    <ClInclude Include="..\compiler\f8c.hpp">
      <Filter>Header Files</Filter>
    </ClInclude>
    <ClInclude Include="..\include\configuration.hpp">
      <Filter>External Includes</Filter>
    </ClInclude>
    <ClInclude Include="..\include\connection.hpp">
      <Filter>External Includes</Filter>
    </ClInclude>
    <ClInclude Include="..\include\consolemenu.hpp">
      <Filter>External Includes</Filter>
    </ClInclude>
    <ClInclude Include="..\include\coroutine.hpp">
      <Filter>External Includes</Filter>
    </ClInclude>
    <ClInclude Include="..\include\f8config.h">
      <Filter>External Includes</Filter>
    </ClInclude>
    <ClInclude Include="..\include\f8exception.hpp">
      <Filter>External Includes</Filter>
    </ClInclude>
    <ClInclude Include="..\include\f8includes.hpp">
      <Filter>External Includes</Filter>
    </ClInclude>
    <ClInclude Include="..\include\f8types.hpp">
      <Filter>External Includes</Filter>
    </ClInclude>
    <ClInclude Include="..\include\f8utils.hpp">
      <Filter>External Includes</Filter>
    </ClInclude>
    <ClInclude Include="..\include\ff_wrapper.hpp">
      <Filter>External Includes</Filter>
    </ClInclude>
    <ClInclude Include="..\include\field.hpp">
      <Filter>External Includes</Filter>
    </ClInclude>
    <ClInclude Include="..\include\gzstream.hpp">
      <Filter>External Includes</Filter>
    </ClInclude>
    <ClInclude Include="..\include\hypersleep.hpp">
      <Filter>External Includes</Filter>
    </ClInclude>
    <ClInclude Include="..\include\logger.hpp">
      <Filter>External Includes</Filter>
    </ClInclude>
    <ClInclude Include="..\include\message.hpp">
      <Filter>External Includes</Filter>
    </ClInclude>
    <ClInclude Include="..\include\mpmc.hpp">
      <Filter>External Includes</Filter>
    </ClInclude>
    <ClInclude Include="..\include\persist.hpp">
      <Filter>External Includes</Filter>
    </ClInclude>
    <ClInclude Include="..\include\session.hpp">
      <Filter>External Includes</Filter>
    </ClInclude>
    <ClInclude Include="..\include\sessionwrapper.hpp">
      <Filter>External Includes</Filter>
    </ClInclude>
    <ClInclude Include="..\include\thread.hpp">
      <Filter>External Includes</Filter>
    </ClInclude>
    <ClInclude Include="..\include\tickval.hpp">
      <Filter>External Includes</Filter>
    </ClInclude>
    <ClInclude Include="..\include\timer.hpp">
      <Filter>External Includes</Filter>
    </ClInclude>
    <ClInclude Include="..\include\traits.hpp">
      <Filter>External Includes</Filter>
    </ClInclude>
    <ClInclude Include="..\include\usage.hpp">
      <Filter>External Includes</Filter>
    </ClInclude>
    <ClInclude Include="..\include\xml.hpp">
      <Filter>External Includes</Filter>
    </ClInclude>
    <ClInclude Include="..\include\yield.hpp">
      <Filter>External Includes</Filter>
    </ClInclude>
    <ClInclude Include="..\compiler\precomp.hpp">
      <Filter>Header Files</Filter>
    </ClInclude>
  </ItemGroup>
  <ItemGroup>
    <None Include="packages.config" />
  </ItemGroup>
</Project>