
Microsoft Visual Studio Solution File, Format Version 12.00
# Visual Studio 2013
VisualStudioVersion = 12.0.31101.0
MinimumVisualStudioVersion = 10.0.40219.1
Project("{2150E333-8FDC-42A3-9474-1A3956D46DE8}") = "test", "test", "{90D3DF6C-3858-4260-AB5F-97765A6067E2}"
EndProject
Project("{2150E333-8FDC-42A3-9474-1A3956D46DE8}") = "utests", "utests", "{D4E7DAEA-4895-4F48-B51F-DA478FB01685}"
EndProject
Project("{8BC9CEB8-8B4A-11D0-8D11-00A0C91BC942}") = "compiler", "compiler.vcxproj", "{7B5E1760-9591-4E90-861A-9C2611DDFAC9}"
	ProjectSection(ProjectDependencies) = postProject
		{6BC204CA-6C4F-44E3-BBF8-09A4CA4BC223} = {6BC204CA-6C4F-44E3-BBF8-09A4CA4BC223}
	EndProjectSection
EndProject
Project("{8BC9CEB8-8B4A-11D0-8D11-00A0C91BC942}") = "fileLogger", "fileLogger.vcxproj", "{38BA069F-E468-43E8-A4E1-1804135D3E51}"
	ProjectSection(ProjectDependencies) = postProject
		{8F0D99E8-88B4-4C01-BBFC-81EAD6F69ACD} = {8F0D99E8-88B4-4C01-BBFC-81EAD6F69ACD}
	EndProjectSection
EndProject
Project("{8BC9CEB8-8B4A-11D0-8D11-00A0C91BC942}") = "filePersister", "filePersister.vcxproj", "{9EF7711E-0C73-4F67-A873-A5D3A708E997}"
	ProjectSection(ProjectDependencies) = postProject
		{8F0D99E8-88B4-4C01-BBFC-81EAD6F69ACD} = {8F0D99E8-88B4-4C01-BBFC-81EAD6F69ACD}
	EndProjectSection
EndProject
Project("{8BC9CEB8-8B4A-11D0-8D11-00A0C91BC942}") = "messageTest", "messageTest.vcxproj", "{01822FF1-0604-416E-B840-B4C38D416F3A}"
	ProjectSection(ProjectDependencies) = postProject
		{8F0D99E8-88B4-4C01-BBFC-81EAD6F69ACD} = {8F0D99E8-88B4-4C01-BBFC-81EAD6F69ACD}
	EndProjectSection
EndProject
Project("{8BC9CEB8-8B4A-11D0-8D11-00A0C91BC942}") = "sessionTest", "sessionTest.vcxproj", "{1445604F-8F9D-4CC8-981B-4DBCDF8A4D3C}"
	ProjectSection(ProjectDependencies) = postProject
		{8F0D99E8-88B4-4C01-BBFC-81EAD6F69ACD} = {8F0D99E8-88B4-4C01-BBFC-81EAD6F69ACD}
	EndProjectSection
EndProject
Project("{8BC9CEB8-8B4A-11D0-8D11-00A0C91BC942}") = "harness", "harness.vcxproj", "{1A03AAD7-E5FE-45B0-ABF4-331746F59EB9}"
	ProjectSection(ProjectDependencies) = postProject
		{AD8216C9-0943-4B13-9B48-8A270146D931} = {AD8216C9-0943-4B13-9B48-8A270146D931}
	EndProjectSection
EndProject
Project("{8BC9CEB8-8B4A-11D0-8D11-00A0C91BC942}") = "hftest", "hftest.vcxproj", "{8060C2F6-46FF-4C90-AE23-C170A0866412}"
	ProjectSection(ProjectDependencies) = postProject
		{6B65ADD8-7BB3-48E3-B584-EB1BCBE0EEAF} = {6B65ADD8-7BB3-48E3-B584-EB1BCBE0EEAF}
	EndProjectSection
EndProject
Project("{8BC9CEB8-8B4A-11D0-8D11-00A0C91BC942}") = "fix8", "fix8.vcxproj", "{6BC204CA-6C4F-44E3-BBF8-09A4CA4BC223}"
	ProjectSection(ProjectDependencies) = postProject
		{37C4CD0E-2CA4-4D9B-AACA-D2533D7464B8} = {37C4CD0E-2CA4-4D9B-AACA-D2533D7464B8}
	EndProjectSection
EndProject
Project("{8BC9CEB8-8B4A-11D0-8D11-00A0C91BC942}") = "hfprint", "hfprint.vcxproj", "{D833F04D-6CA4-4D86-83DA-58647617FD5F}"
	ProjectSection(ProjectDependencies) = postProject
		{6B65ADD8-7BB3-48E3-B584-EB1BCBE0EEAF} = {6B65ADD8-7BB3-48E3-B584-EB1BCBE0EEAF}
	EndProjectSection
EndProject
Project("{8BC9CEB8-8B4A-11D0-8D11-00A0C91BC942}") = "seqedit", "seqedit.vcxproj", "{94004E57-D63F-45CD-A82E-7E7C37C5121E}"
	ProjectSection(ProjectDependencies) = postProject
		{7B5E1760-9591-4E90-861A-9C2611DDFAC9} = {7B5E1760-9591-4E90-861A-9C2611DDFAC9}
		{6BC204CA-6C4F-44E3-BBF8-09A4CA4BC223} = {6BC204CA-6C4F-44E3-BBF8-09A4CA4BC223}
	EndProjectSection
EndProject
Project("{2150E333-8FDC-42A3-9474-1A3956D46DE8}") = "util", "util", "{1CA253AF-9530-4973-999B-115F37A96602}"
EndProject
Project("{8BC9CEB8-8B4A-11D0-8D11-00A0C91BC942}") = "test_prebuild", "test_prebuild.vcxproj", "{456316E4-03E5-43DF-946A-D35BEFC480F3}"
	ProjectSection(ProjectDependencies) = postProject
		{7B5E1760-9591-4E90-861A-9C2611DDFAC9} = {7B5E1760-9591-4E90-861A-9C2611DDFAC9}
		{6BC204CA-6C4F-44E3-BBF8-09A4CA4BC223} = {6BC204CA-6C4F-44E3-BBF8-09A4CA4BC223}
	EndProjectSection
EndProject
Project("{8BC9CEB8-8B4A-11D0-8D11-00A0C91BC942}") = "utests_prebuild", "utests_prebuild.vcxproj", "{2FB5EED6-D4C8-4D36-A21F-E32ECE2771B2}"
	ProjectSection(ProjectDependencies) = postProject
		{7B5E1760-9591-4E90-861A-9C2611DDFAC9} = {7B5E1760-9591-4E90-861A-9C2611DDFAC9}
		{6BC204CA-6C4F-44E3-BBF8-09A4CA4BC223} = {6BC204CA-6C4F-44E3-BBF8-09A4CA4BC223}
	EndProjectSection
EndProject
Project("{8BC9CEB8-8B4A-11D0-8D11-00A0C91BC942}") = "f8test", "f8test.vcxproj", "{088850B1-3C98-4EEC-BD18-86FF610A7EB3}"
	ProjectSection(ProjectDependencies) = postProject
		{AD8216C9-0943-4B13-9B48-8A270146D931} = {AD8216C9-0943-4B13-9B48-8A270146D931}
	EndProjectSection
EndProject
Project("{8BC9CEB8-8B4A-11D0-8D11-00A0C91BC942}") = "f8print", "f8print.vcxproj", "{6FEB4A69-A092-42FE-B052-1E5487C6EF16}"
	ProjectSection(ProjectDependencies) = postProject
		{AD8216C9-0943-4B13-9B48-8A270146D931} = {AD8216C9-0943-4B13-9B48-8A270146D931}
	EndProjectSection
EndProject
Project("{8BC9CEB8-8B4A-11D0-8D11-00A0C91BC942}") = "f8testlib", "f8testlib.vcxproj", "{AD8216C9-0943-4B13-9B48-8A270146D931}"
	ProjectSection(ProjectDependencies) = postProject
		{7B5E1760-9591-4E90-861A-9C2611DDFAC9} = {7B5E1760-9591-4E90-861A-9C2611DDFAC9}
		{456316E4-03E5-43DF-946A-D35BEFC480F3} = {456316E4-03E5-43DF-946A-D35BEFC480F3}
	EndProjectSection
EndProject
Project("{8BC9CEB8-8B4A-11D0-8D11-00A0C91BC942}") = "hftestlib", "hftestlib.vcxproj", "{6B65ADD8-7BB3-48E3-B584-EB1BCBE0EEAF}"
	ProjectSection(ProjectDependencies) = postProject
		{7B5E1760-9591-4E90-861A-9C2611DDFAC9} = {7B5E1760-9591-4E90-861A-9C2611DDFAC9}
		{456316E4-03E5-43DF-946A-D35BEFC480F3} = {456316E4-03E5-43DF-946A-D35BEFC480F3}
	EndProjectSection
EndProject
Project("{8BC9CEB8-8B4A-11D0-8D11-00A0C91BC942}") = "utestlib", "utestlib.vcxproj", "{8F0D99E8-88B4-4C01-BBFC-81EAD6F69ACD}"
	ProjectSection(ProjectDependencies) = postProject
		{7B5E1760-9591-4E90-861A-9C2611DDFAC9} = {7B5E1760-9591-4E90-861A-9C2611DDFAC9}
		{6BC204CA-6C4F-44E3-BBF8-09A4CA4BC223} = {6BC204CA-6C4F-44E3-BBF8-09A4CA4BC223}
		{2FB5EED6-D4C8-4D36-A21F-E32ECE2771B2} = {2FB5EED6-D4C8-4D36-A21F-E32ECE2771B2}
	EndProjectSection
EndProject
Project("{2150E333-8FDC-42A3-9474-1A3956D46DE8}") = ".nuget", ".nuget", "{452ACE71-EE11-4B1E-9EE0-2F2325136C40}"
	ProjectSection(SolutionItems) = preProject
		.nuget\NuGet.Config = .nuget\NuGet.Config
		.nuget\NuGet.exe = .nuget\NuGet.exe
		.nuget\NuGet.targets = .nuget\NuGet.targets
	EndProjectSection
EndProject
Project("{8BC9CEB8-8B4A-11D0-8D11-00A0C91BC942}") = "f8lib_prebuild", "f8lib_prebuild.vcxproj", "{37C4CD0E-2CA4-4D9B-AACA-D2533D7464B8}"
EndProject
Project("{2150E333-8FDC-42A3-9474-1A3956D46DE8}") = "stocklib", "stocklib", "{562EC71F-2626-464C-95B6-707384271E25}"
EndProject
Project("{8BC9CEB8-8B4A-11D0-8D11-00A0C91BC942}") = "stocklib_prebuild", "stocklib_prebuild.vcxproj", "{D03283C9-8BC4-485E-A3AB-590866B804F4}"
	ProjectSection(ProjectDependencies) = postProject
		{7B5E1760-9591-4E90-861A-9C2611DDFAC9} = {7B5E1760-9591-4E90-861A-9C2611DDFAC9}
	EndProjectSection
EndProject
Project("{8BC9CEB8-8B4A-11D0-8D11-00A0C91BC942}") = "fix40", "fix40.vcxproj", "{ED68977A-E795-4D4C-9E50-AD23B99B227B}"
	ProjectSection(ProjectDependencies) = postProject
		{D03283C9-8BC4-485E-A3AB-590866B804F4} = {D03283C9-8BC4-485E-A3AB-590866B804F4}
	EndProjectSection
EndProject
Project("{8BC9CEB8-8B4A-11D0-8D11-00A0C91BC942}") = "fix41", "fix41.vcxproj", "{8D5BDA27-1889-4907-9103-A645B5E9A721}"
	ProjectSection(ProjectDependencies) = postProject
		{D03283C9-8BC4-485E-A3AB-590866B804F4} = {D03283C9-8BC4-485E-A3AB-590866B804F4}
	EndProjectSection
EndProject
Project("{8BC9CEB8-8B4A-11D0-8D11-00A0C91BC942}") = "fix42", "fix42.vcxproj", "{E04B631C-28B2-4CA4-9696-A3D38C22E135}"
	ProjectSection(ProjectDependencies) = postProject
		{D03283C9-8BC4-485E-A3AB-590866B804F4} = {D03283C9-8BC4-485E-A3AB-590866B804F4}
	EndProjectSection
EndProject
Project("{8BC9CEB8-8B4A-11D0-8D11-00A0C91BC942}") = "fix43", "fix43.vcxproj", "{1777A7E7-CA2B-4B28-A77E-88EE76EE7285}"
	ProjectSection(ProjectDependencies) = postProject
		{D03283C9-8BC4-485E-A3AB-590866B804F4} = {D03283C9-8BC4-485E-A3AB-590866B804F4}
	EndProjectSection
EndProject
Project("{8BC9CEB8-8B4A-11D0-8D11-00A0C91BC942}") = "fix44", "fix44.vcxproj", "{C496660C-CDC4-452F-BB9F-1E6940E9070B}"
	ProjectSection(ProjectDependencies) = postProject
		{D03283C9-8BC4-485E-A3AB-590866B804F4} = {D03283C9-8BC4-485E-A3AB-590866B804F4}
	EndProjectSection
EndProject
Project("{8BC9CEB8-8B4A-11D0-8D11-00A0C91BC942}") = "fix50", "fix50.vcxproj", "{99E73022-54CD-4985-8375-7EA08DEC73E7}"
	ProjectSection(ProjectDependencies) = postProject
		{D03283C9-8BC4-485E-A3AB-590866B804F4} = {D03283C9-8BC4-485E-A3AB-590866B804F4}
	EndProjectSection
EndProject
Project("{8BC9CEB8-8B4A-11D0-8D11-00A0C91BC942}") = "fix50sp1", "fix50sp1.vcxproj", "{28FF44E0-8F50-4FF6-8A78-67190921E491}"
	ProjectSection(ProjectDependencies) = postProject
		{D03283C9-8BC4-485E-A3AB-590866B804F4} = {D03283C9-8BC4-485E-A3AB-590866B804F4}
	EndProjectSection
EndProject
Project("{8BC9CEB8-8B4A-11D0-8D11-00A0C91BC942}") = "fix50sp2", "fix50sp2.vcxproj", "{FAAA6FDF-757D-4C5F-8516-338A25AA0A07}"
	ProjectSection(ProjectDependencies) = postProject
		{D03283C9-8BC4-485E-A3AB-590866B804F4} = {D03283C9-8BC4-485E-A3AB-590866B804F4}
	EndProjectSection
EndProject
Global
	GlobalSection(SolutionConfigurationPlatforms) = preSolution
		Debug|Win32 = Debug|Win32
		Debug|x64 = Debug|x64
		Debug|x86 = Debug|x86
		Release|Win32 = Release|Win32
		Release|x64 = Release|x64
		Release|x86 = Release|x86
	EndGlobalSection
	GlobalSection(ProjectConfigurationPlatforms) = postSolution
		{7B5E1760-9591-4E90-861A-9C2611DDFAC9}.Debug|Win32.ActiveCfg = Debug|Win32
		{7B5E1760-9591-4E90-861A-9C2611DDFAC9}.Debug|Win32.Build.0 = Debug|Win32
		{7B5E1760-9591-4E90-861A-9C2611DDFAC9}.Debug|x64.ActiveCfg = Debug|x64
		{7B5E1760-9591-4E90-861A-9C2611DDFAC9}.Debug|x64.Build.0 = Debug|x64
		{7B5E1760-9591-4E90-861A-9C2611DDFAC9}.Debug|x86.ActiveCfg = Debug|Win32
		{7B5E1760-9591-4E90-861A-9C2611DDFAC9}.Debug|x86.Build.0 = Debug|Win32
		{7B5E1760-9591-4E90-861A-9C2611DDFAC9}.Release|Win32.ActiveCfg = Release|Win32
		{7B5E1760-9591-4E90-861A-9C2611DDFAC9}.Release|Win32.Build.0 = Release|Win32
		{7B5E1760-9591-4E90-861A-9C2611DDFAC9}.Release|x64.ActiveCfg = Release|x64
		{7B5E1760-9591-4E90-861A-9C2611DDFAC9}.Release|x64.Build.0 = Release|x64
		{7B5E1760-9591-4E90-861A-9C2611DDFAC9}.Release|x86.ActiveCfg = Release|Win32
		{7B5E1760-9591-4E90-861A-9C2611DDFAC9}.Release|x86.Build.0 = Release|Win32
		{38BA069F-E468-43E8-A4E1-1804135D3E51}.Debug|Win32.ActiveCfg = Debug|Win32
		{38BA069F-E468-43E8-A4E1-1804135D3E51}.Debug|Win32.Build.0 = Debug|Win32
		{38BA069F-E468-43E8-A4E1-1804135D3E51}.Debug|x64.ActiveCfg = Debug|x64
		{38BA069F-E468-43E8-A4E1-1804135D3E51}.Debug|x64.Build.0 = Debug|x64
		{38BA069F-E468-43E8-A4E1-1804135D3E51}.Debug|x86.ActiveCfg = Debug|Win32
		{38BA069F-E468-43E8-A4E1-1804135D3E51}.Debug|x86.Build.0 = Debug|Win32
		{38BA069F-E468-43E8-A4E1-1804135D3E51}.Release|Win32.ActiveCfg = Release|Win32
		{38BA069F-E468-43E8-A4E1-1804135D3E51}.Release|Win32.Build.0 = Release|Win32
		{38BA069F-E468-43E8-A4E1-1804135D3E51}.Release|x64.ActiveCfg = Release|x64
		{38BA069F-E468-43E8-A4E1-1804135D3E51}.Release|x64.Build.0 = Release|x64
		{38BA069F-E468-43E8-A4E1-1804135D3E51}.Release|x86.ActiveCfg = Release|Win32
		{38BA069F-E468-43E8-A4E1-1804135D3E51}.Release|x86.Build.0 = Release|Win32
		{9EF7711E-0C73-4F67-A873-A5D3A708E997}.Debug|Win32.ActiveCfg = Debug|Win32
		{9EF7711E-0C73-4F67-A873-A5D3A708E997}.Debug|Win32.Build.0 = Debug|Win32
		{9EF7711E-0C73-4F67-A873-A5D3A708E997}.Debug|x64.ActiveCfg = Debug|x64
		{9EF7711E-0C73-4F67-A873-A5D3A708E997}.Debug|x64.Build.0 = Debug|x64
		{9EF7711E-0C73-4F67-A873-A5D3A708E997}.Debug|x86.ActiveCfg = Debug|Win32
		{9EF7711E-0C73-4F67-A873-A5D3A708E997}.Debug|x86.Build.0 = Debug|Win32
		{9EF7711E-0C73-4F67-A873-A5D3A708E997}.Release|Win32.ActiveCfg = Release|Win32
		{9EF7711E-0C73-4F67-A873-A5D3A708E997}.Release|Win32.Build.0 = Release|Win32
		{9EF7711E-0C73-4F67-A873-A5D3A708E997}.Release|x64.ActiveCfg = Release|x64
		{9EF7711E-0C73-4F67-A873-A5D3A708E997}.Release|x64.Build.0 = Release|x64
		{9EF7711E-0C73-4F67-A873-A5D3A708E997}.Release|x86.ActiveCfg = Release|Win32
		{9EF7711E-0C73-4F67-A873-A5D3A708E997}.Release|x86.Build.0 = Release|Win32
		{01822FF1-0604-416E-B840-B4C38D416F3A}.Debug|Win32.ActiveCfg = Debug|Win32
		{01822FF1-0604-416E-B840-B4C38D416F3A}.Debug|Win32.Build.0 = Debug|Win32
		{01822FF1-0604-416E-B840-B4C38D416F3A}.Debug|x64.ActiveCfg = Debug|x64
		{01822FF1-0604-416E-B840-B4C38D416F3A}.Debug|x64.Build.0 = Debug|x64
		{01822FF1-0604-416E-B840-B4C38D416F3A}.Debug|x86.ActiveCfg = Debug|Win32
		{01822FF1-0604-416E-B840-B4C38D416F3A}.Debug|x86.Build.0 = Debug|Win32
		{01822FF1-0604-416E-B840-B4C38D416F3A}.Release|Win32.ActiveCfg = Release|Win32
		{01822FF1-0604-416E-B840-B4C38D416F3A}.Release|Win32.Build.0 = Release|Win32
		{01822FF1-0604-416E-B840-B4C38D416F3A}.Release|x64.ActiveCfg = Release|x64
		{01822FF1-0604-416E-B840-B4C38D416F3A}.Release|x64.Build.0 = Release|x64
		{01822FF1-0604-416E-B840-B4C38D416F3A}.Release|x86.ActiveCfg = Release|Win32
		{01822FF1-0604-416E-B840-B4C38D416F3A}.Release|x86.Build.0 = Release|Win32
		{1445604F-8F9D-4CC8-981B-4DBCDF8A4D3C}.Debug|Win32.ActiveCfg = Debug|Win32
		{1445604F-8F9D-4CC8-981B-4DBCDF8A4D3C}.Debug|Win32.Build.0 = Debug|Win32
		{1445604F-8F9D-4CC8-981B-4DBCDF8A4D3C}.Debug|x64.ActiveCfg = Debug|x64
		{1445604F-8F9D-4CC8-981B-4DBCDF8A4D3C}.Debug|x64.Build.0 = Debug|x64
		{1445604F-8F9D-4CC8-981B-4DBCDF8A4D3C}.Debug|x86.ActiveCfg = Debug|Win32
		{1445604F-8F9D-4CC8-981B-4DBCDF8A4D3C}.Debug|x86.Build.0 = Debug|Win32
		{1445604F-8F9D-4CC8-981B-4DBCDF8A4D3C}.Release|Win32.ActiveCfg = Release|Win32
		{1445604F-8F9D-4CC8-981B-4DBCDF8A4D3C}.Release|Win32.Build.0 = Release|Win32
		{1445604F-8F9D-4CC8-981B-4DBCDF8A4D3C}.Release|x64.ActiveCfg = Release|x64
		{1445604F-8F9D-4CC8-981B-4DBCDF8A4D3C}.Release|x64.Build.0 = Release|x64
		{1445604F-8F9D-4CC8-981B-4DBCDF8A4D3C}.Release|x86.ActiveCfg = Release|Win32
		{1445604F-8F9D-4CC8-981B-4DBCDF8A4D3C}.Release|x86.Build.0 = Release|Win32
		{1A03AAD7-E5FE-45B0-ABF4-331746F59EB9}.Debug|Win32.ActiveCfg = Debug|Win32
		{1A03AAD7-E5FE-45B0-ABF4-331746F59EB9}.Debug|Win32.Build.0 = Debug|Win32
		{1A03AAD7-E5FE-45B0-ABF4-331746F59EB9}.Debug|x64.ActiveCfg = Debug|x64
		{1A03AAD7-E5FE-45B0-ABF4-331746F59EB9}.Debug|x64.Build.0 = Debug|x64
		{1A03AAD7-E5FE-45B0-ABF4-331746F59EB9}.Debug|x86.ActiveCfg = Debug|Win32
		{1A03AAD7-E5FE-45B0-ABF4-331746F59EB9}.Debug|x86.Build.0 = Debug|Win32
		{1A03AAD7-E5FE-45B0-ABF4-331746F59EB9}.Release|Win32.ActiveCfg = Release|Win32
		{1A03AAD7-E5FE-45B0-ABF4-331746F59EB9}.Release|Win32.Build.0 = Release|Win32
		{1A03AAD7-E5FE-45B0-ABF4-331746F59EB9}.Release|x64.ActiveCfg = Release|x64
		{1A03AAD7-E5FE-45B0-ABF4-331746F59EB9}.Release|x64.Build.0 = Release|x64
		{1A03AAD7-E5FE-45B0-ABF4-331746F59EB9}.Release|x86.ActiveCfg = Release|Win32
		{1A03AAD7-E5FE-45B0-ABF4-331746F59EB9}.Release|x86.Build.0 = Release|Win32
		{8060C2F6-46FF-4C90-AE23-C170A0866412}.Debug|Win32.ActiveCfg = Debug|Win32
		{8060C2F6-46FF-4C90-AE23-C170A0866412}.Debug|Win32.Build.0 = Debug|Win32
		{8060C2F6-46FF-4C90-AE23-C170A0866412}.Debug|x64.ActiveCfg = Debug|x64
		{8060C2F6-46FF-4C90-AE23-C170A0866412}.Debug|x64.Build.0 = Debug|x64
		{8060C2F6-46FF-4C90-AE23-C170A0866412}.Debug|x86.ActiveCfg = Debug|Win32
		{8060C2F6-46FF-4C90-AE23-C170A0866412}.Debug|x86.Build.0 = Debug|Win32
		{8060C2F6-46FF-4C90-AE23-C170A0866412}.Release|Win32.ActiveCfg = Release|Win32
		{8060C2F6-46FF-4C90-AE23-C170A0866412}.Release|Win32.Build.0 = Release|Win32
		{8060C2F6-46FF-4C90-AE23-C170A0866412}.Release|x64.ActiveCfg = Release|x64
		{8060C2F6-46FF-4C90-AE23-C170A0866412}.Release|x64.Build.0 = Release|x64
		{8060C2F6-46FF-4C90-AE23-C170A0866412}.Release|x86.ActiveCfg = Release|Win32
		{8060C2F6-46FF-4C90-AE23-C170A0866412}.Release|x86.Build.0 = Release|Win32
		{6BC204CA-6C4F-44E3-BBF8-09A4CA4BC223}.Debug|Win32.ActiveCfg = Debug|Win32
		{6BC204CA-6C4F-44E3-BBF8-09A4CA4BC223}.Debug|Win32.Build.0 = Debug|Win32
		{6BC204CA-6C4F-44E3-BBF8-09A4CA4BC223}.Debug|x64.ActiveCfg = Debug|x64
		{6BC204CA-6C4F-44E3-BBF8-09A4CA4BC223}.Debug|x64.Build.0 = Debug|x64
		{6BC204CA-6C4F-44E3-BBF8-09A4CA4BC223}.Debug|x86.ActiveCfg = Debug|Win32
		{6BC204CA-6C4F-44E3-BBF8-09A4CA4BC223}.Debug|x86.Build.0 = Debug|Win32
		{6BC204CA-6C4F-44E3-BBF8-09A4CA4BC223}.Release|Win32.ActiveCfg = Release|Win32
		{6BC204CA-6C4F-44E3-BBF8-09A4CA4BC223}.Release|Win32.Build.0 = Release|Win32
		{6BC204CA-6C4F-44E3-BBF8-09A4CA4BC223}.Release|x64.ActiveCfg = Release|x64
		{6BC204CA-6C4F-44E3-BBF8-09A4CA4BC223}.Release|x64.Build.0 = Release|x64
		{6BC204CA-6C4F-44E3-BBF8-09A4CA4BC223}.Release|x86.ActiveCfg = Release|Win32
		{6BC204CA-6C4F-44E3-BBF8-09A4CA4BC223}.Release|x86.Build.0 = Release|Win32
		{D833F04D-6CA4-4D86-83DA-58647617FD5F}.Debug|Win32.ActiveCfg = Debug|Win32
		{D833F04D-6CA4-4D86-83DA-58647617FD5F}.Debug|Win32.Build.0 = Debug|Win32
		{D833F04D-6CA4-4D86-83DA-58647617FD5F}.Debug|x64.ActiveCfg = Debug|x64
		{D833F04D-6CA4-4D86-83DA-58647617FD5F}.Debug|x64.Build.0 = Debug|x64
		{D833F04D-6CA4-4D86-83DA-58647617FD5F}.Debug|x86.ActiveCfg = Debug|Win32
		{D833F04D-6CA4-4D86-83DA-58647617FD5F}.Debug|x86.Build.0 = Debug|Win32
		{D833F04D-6CA4-4D86-83DA-58647617FD5F}.Release|Win32.ActiveCfg = Release|Win32
		{D833F04D-6CA4-4D86-83DA-58647617FD5F}.Release|Win32.Build.0 = Release|Win32
		{D833F04D-6CA4-4D86-83DA-58647617FD5F}.Release|x64.ActiveCfg = Release|x64
		{D833F04D-6CA4-4D86-83DA-58647617FD5F}.Release|x64.Build.0 = Release|x64
		{D833F04D-6CA4-4D86-83DA-58647617FD5F}.Release|x86.ActiveCfg = Release|Win32
		{D833F04D-6CA4-4D86-83DA-58647617FD5F}.Release|x86.Build.0 = Release|Win32
		{94004E57-D63F-45CD-A82E-7E7C37C5121E}.Debug|Win32.ActiveCfg = Debug|Win32
		{94004E57-D63F-45CD-A82E-7E7C37C5121E}.Debug|Win32.Build.0 = Debug|Win32
		{94004E57-D63F-45CD-A82E-7E7C37C5121E}.Debug|x64.ActiveCfg = Debug|x64
		{94004E57-D63F-45CD-A82E-7E7C37C5121E}.Debug|x64.Build.0 = Debug|x64
		{94004E57-D63F-45CD-A82E-7E7C37C5121E}.Debug|x86.ActiveCfg = Debug|Win32
		{94004E57-D63F-45CD-A82E-7E7C37C5121E}.Debug|x86.Build.0 = Debug|Win32
		{94004E57-D63F-45CD-A82E-7E7C37C5121E}.Release|Win32.ActiveCfg = Release|Win32
		{94004E57-D63F-45CD-A82E-7E7C37C5121E}.Release|Win32.Build.0 = Release|Win32
		{94004E57-D63F-45CD-A82E-7E7C37C5121E}.Release|x64.ActiveCfg = Release|x64
		{94004E57-D63F-45CD-A82E-7E7C37C5121E}.Release|x64.Build.0 = Release|x64
		{94004E57-D63F-45CD-A82E-7E7C37C5121E}.Release|x86.ActiveCfg = Release|Win32
		{94004E57-D63F-45CD-A82E-7E7C37C5121E}.Release|x86.Build.0 = Release|Win32
		{456316E4-03E5-43DF-946A-D35BEFC480F3}.Debug|Win32.ActiveCfg = Debug|Win32
		{456316E4-03E5-43DF-946A-D35BEFC480F3}.Debug|Win32.Build.0 = Debug|Win32
		{456316E4-03E5-43DF-946A-D35BEFC480F3}.Debug|x64.ActiveCfg = Debug|x64
		{456316E4-03E5-43DF-946A-D35BEFC480F3}.Debug|x64.Build.0 = Debug|x64
		{456316E4-03E5-43DF-946A-D35BEFC480F3}.Debug|x86.ActiveCfg = Debug|Win32
		{456316E4-03E5-43DF-946A-D35BEFC480F3}.Debug|x86.Build.0 = Debug|Win32
		{456316E4-03E5-43DF-946A-D35BEFC480F3}.Release|Win32.ActiveCfg = Release|Win32
		{456316E4-03E5-43DF-946A-D35BEFC480F3}.Release|Win32.Build.0 = Release|Win32
		{456316E4-03E5-43DF-946A-D35BEFC480F3}.Release|x64.ActiveCfg = Release|x64
		{456316E4-03E5-43DF-946A-D35BEFC480F3}.Release|x64.Build.0 = Release|x64
		{456316E4-03E5-43DF-946A-D35BEFC480F3}.Release|x86.ActiveCfg = Release|Win32
		{456316E4-03E5-43DF-946A-D35BEFC480F3}.Release|x86.Build.0 = Release|Win32
		{2FB5EED6-D4C8-4D36-A21F-E32ECE2771B2}.Debug|Win32.ActiveCfg = Debug|Win32
		{2FB5EED6-D4C8-4D36-A21F-E32ECE2771B2}.Debug|Win32.Build.0 = Debug|Win32
		{2FB5EED6-D4C8-4D36-A21F-E32ECE2771B2}.Debug|x64.ActiveCfg = Debug|x64
		{2FB5EED6-D4C8-4D36-A21F-E32ECE2771B2}.Debug|x64.Build.0 = Debug|x64
		{2FB5EED6-D4C8-4D36-A21F-E32ECE2771B2}.Debug|x86.ActiveCfg = Debug|Win32
		{2FB5EED6-D4C8-4D36-A21F-E32ECE2771B2}.Debug|x86.Build.0 = Debug|Win32
		{2FB5EED6-D4C8-4D36-A21F-E32ECE2771B2}.Release|Win32.ActiveCfg = Release|Win32
		{2FB5EED6-D4C8-4D36-A21F-E32ECE2771B2}.Release|Win32.Build.0 = Release|Win32
		{2FB5EED6-D4C8-4D36-A21F-E32ECE2771B2}.Release|x64.ActiveCfg = Release|x64
		{2FB5EED6-D4C8-4D36-A21F-E32ECE2771B2}.Release|x64.Build.0 = Release|x64
		{2FB5EED6-D4C8-4D36-A21F-E32ECE2771B2}.Release|x86.ActiveCfg = Release|Win32
		{2FB5EED6-D4C8-4D36-A21F-E32ECE2771B2}.Release|x86.Build.0 = Release|Win32
		{088850B1-3C98-4EEC-BD18-86FF610A7EB3}.Debug|Win32.ActiveCfg = Debug|Win32
		{088850B1-3C98-4EEC-BD18-86FF610A7EB3}.Debug|Win32.Build.0 = Debug|Win32
		{088850B1-3C98-4EEC-BD18-86FF610A7EB3}.Debug|x64.ActiveCfg = Debug|x64
		{088850B1-3C98-4EEC-BD18-86FF610A7EB3}.Debug|x64.Build.0 = Debug|x64
		{088850B1-3C98-4EEC-BD18-86FF610A7EB3}.Debug|x86.ActiveCfg = Debug|Win32
		{088850B1-3C98-4EEC-BD18-86FF610A7EB3}.Debug|x86.Build.0 = Debug|Win32
		{088850B1-3C98-4EEC-BD18-86FF610A7EB3}.Release|Win32.ActiveCfg = Release|Win32
		{088850B1-3C98-4EEC-BD18-86FF610A7EB3}.Release|Win32.Build.0 = Release|Win32
		{088850B1-3C98-4EEC-BD18-86FF610A7EB3}.Release|x64.ActiveCfg = Release|x64
		{088850B1-3C98-4EEC-BD18-86FF610A7EB3}.Release|x64.Build.0 = Release|x64
		{088850B1-3C98-4EEC-BD18-86FF610A7EB3}.Release|x86.ActiveCfg = Release|Win32
		{088850B1-3C98-4EEC-BD18-86FF610A7EB3}.Release|x86.Build.0 = Release|Win32
		{6FEB4A69-A092-42FE-B052-1E5487C6EF16}.Debug|Win32.ActiveCfg = Debug|Win32
		{6FEB4A69-A092-42FE-B052-1E5487C6EF16}.Debug|Win32.Build.0 = Debug|Win32
		{6FEB4A69-A092-42FE-B052-1E5487C6EF16}.Debug|x64.ActiveCfg = Debug|x64
		{6FEB4A69-A092-42FE-B052-1E5487C6EF16}.Debug|x64.Build.0 = Debug|x64
		{6FEB4A69-A092-42FE-B052-1E5487C6EF16}.Debug|x86.ActiveCfg = Debug|Win32
		{6FEB4A69-A092-42FE-B052-1E5487C6EF16}.Debug|x86.Build.0 = Debug|Win32
		{6FEB4A69-A092-42FE-B052-1E5487C6EF16}.Release|Win32.ActiveCfg = Release|Win32
		{6FEB4A69-A092-42FE-B052-1E5487C6EF16}.Release|Win32.Build.0 = Release|Win32
		{6FEB4A69-A092-42FE-B052-1E5487C6EF16}.Release|x64.ActiveCfg = Release|x64
		{6FEB4A69-A092-42FE-B052-1E5487C6EF16}.Release|x64.Build.0 = Release|x64
		{6FEB4A69-A092-42FE-B052-1E5487C6EF16}.Release|x86.ActiveCfg = Release|Win32
		{6FEB4A69-A092-42FE-B052-1E5487C6EF16}.Release|x86.Build.0 = Release|Win32
		{AD8216C9-0943-4B13-9B48-8A270146D931}.Debug|Win32.ActiveCfg = Debug|Win32
		{AD8216C9-0943-4B13-9B48-8A270146D931}.Debug|Win32.Build.0 = Debug|Win32
		{AD8216C9-0943-4B13-9B48-8A270146D931}.Debug|x64.ActiveCfg = Debug|x64
		{AD8216C9-0943-4B13-9B48-8A270146D931}.Debug|x64.Build.0 = Debug|x64
		{AD8216C9-0943-4B13-9B48-8A270146D931}.Debug|x86.ActiveCfg = Debug|Win32
		{AD8216C9-0943-4B13-9B48-8A270146D931}.Debug|x86.Build.0 = Debug|Win32
		{AD8216C9-0943-4B13-9B48-8A270146D931}.Release|Win32.ActiveCfg = Release|Win32
		{AD8216C9-0943-4B13-9B48-8A270146D931}.Release|Win32.Build.0 = Release|Win32
		{AD8216C9-0943-4B13-9B48-8A270146D931}.Release|x64.ActiveCfg = Release|x64
		{AD8216C9-0943-4B13-9B48-8A270146D931}.Release|x64.Build.0 = Release|x64
		{AD8216C9-0943-4B13-9B48-8A270146D931}.Release|x86.ActiveCfg = Release|Win32
		{AD8216C9-0943-4B13-9B48-8A270146D931}.Release|x86.Build.0 = Release|Win32
		{6B65ADD8-7BB3-48E3-B584-EB1BCBE0EEAF}.Debug|Win32.ActiveCfg = Debug|Win32
		{6B65ADD8-7BB3-48E3-B584-EB1BCBE0EEAF}.Debug|Win32.Build.0 = Debug|Win32
		{6B65ADD8-7BB3-48E3-B584-EB1BCBE0EEAF}.Debug|x64.ActiveCfg = Debug|x64
		{6B65ADD8-7BB3-48E3-B584-EB1BCBE0EEAF}.Debug|x64.Build.0 = Debug|x64
		{6B65ADD8-7BB3-48E3-B584-EB1BCBE0EEAF}.Debug|x86.ActiveCfg = Debug|Win32
		{6B65ADD8-7BB3-48E3-B584-EB1BCBE0EEAF}.Debug|x86.Build.0 = Debug|Win32
		{6B65ADD8-7BB3-48E3-B584-EB1BCBE0EEAF}.Release|Win32.ActiveCfg = Release|Win32
		{6B65ADD8-7BB3-48E3-B584-EB1BCBE0EEAF}.Release|Win32.Build.0 = Release|Win32
		{6B65ADD8-7BB3-48E3-B584-EB1BCBE0EEAF}.Release|x64.ActiveCfg = Release|x64
		{6B65ADD8-7BB3-48E3-B584-EB1BCBE0EEAF}.Release|x64.Build.0 = Release|x64
		{6B65ADD8-7BB3-48E3-B584-EB1BCBE0EEAF}.Release|x86.ActiveCfg = Release|Win32
		{6B65ADD8-7BB3-48E3-B584-EB1BCBE0EEAF}.Release|x86.Build.0 = Release|Win32
		{8F0D99E8-88B4-4C01-BBFC-81EAD6F69ACD}.Debug|Win32.ActiveCfg = Debug|Win32
		{8F0D99E8-88B4-4C01-BBFC-81EAD6F69ACD}.Debug|Win32.Build.0 = Debug|Win32
		{8F0D99E8-88B4-4C01-BBFC-81EAD6F69ACD}.Debug|x64.ActiveCfg = Debug|x64
		{8F0D99E8-88B4-4C01-BBFC-81EAD6F69ACD}.Debug|x64.Build.0 = Debug|x64
		{8F0D99E8-88B4-4C01-BBFC-81EAD6F69ACD}.Debug|x86.ActiveCfg = Debug|Win32
		{8F0D99E8-88B4-4C01-BBFC-81EAD6F69ACD}.Debug|x86.Build.0 = Debug|Win32
		{8F0D99E8-88B4-4C01-BBFC-81EAD6F69ACD}.Release|Win32.ActiveCfg = Release|Win32
		{8F0D99E8-88B4-4C01-BBFC-81EAD6F69ACD}.Release|Win32.Build.0 = Release|Win32
		{8F0D99E8-88B4-4C01-BBFC-81EAD6F69ACD}.Release|x64.ActiveCfg = Release|x64
		{8F0D99E8-88B4-4C01-BBFC-81EAD6F69ACD}.Release|x64.Build.0 = Release|x64
		{8F0D99E8-88B4-4C01-BBFC-81EAD6F69ACD}.Release|x86.ActiveCfg = Release|Win32
		{8F0D99E8-88B4-4C01-BBFC-81EAD6F69ACD}.Release|x86.Build.0 = Release|Win32
		{37C4CD0E-2CA4-4D9B-AACA-D2533D7464B8}.Debug|Win32.ActiveCfg = Debug|Win32
		{37C4CD0E-2CA4-4D9B-AACA-D2533D7464B8}.Debug|Win32.Build.0 = Debug|Win32
		{37C4CD0E-2CA4-4D9B-AACA-D2533D7464B8}.Debug|x64.ActiveCfg = Debug|x64
		{37C4CD0E-2CA4-4D9B-AACA-D2533D7464B8}.Debug|x64.Build.0 = Debug|x64
		{37C4CD0E-2CA4-4D9B-AACA-D2533D7464B8}.Debug|x86.ActiveCfg = Debug|Win32
		{37C4CD0E-2CA4-4D9B-AACA-D2533D7464B8}.Debug|x86.Build.0 = Debug|Win32
		{37C4CD0E-2CA4-4D9B-AACA-D2533D7464B8}.Release|Win32.ActiveCfg = Release|Win32
		{37C4CD0E-2CA4-4D9B-AACA-D2533D7464B8}.Release|Win32.Build.0 = Release|Win32
		{37C4CD0E-2CA4-4D9B-AACA-D2533D7464B8}.Release|x64.ActiveCfg = Release|x64
		{37C4CD0E-2CA4-4D9B-AACA-D2533D7464B8}.Release|x64.Build.0 = Release|x64
		{37C4CD0E-2CA4-4D9B-AACA-D2533D7464B8}.Release|x86.ActiveCfg = Release|Win32
		{37C4CD0E-2CA4-4D9B-AACA-D2533D7464B8}.Release|x86.Build.0 = Release|Win32
		{D03283C9-8BC4-485E-A3AB-590866B804F4}.Debug|Win32.ActiveCfg = Debug|Win32
		{D03283C9-8BC4-485E-A3AB-590866B804F4}.Debug|Win32.Build.0 = Debug|Win32
		{D03283C9-8BC4-485E-A3AB-590866B804F4}.Debug|x64.ActiveCfg = Debug|x64
		{D03283C9-8BC4-485E-A3AB-590866B804F4}.Debug|x64.Build.0 = Debug|x64
		{D03283C9-8BC4-485E-A3AB-590866B804F4}.Debug|x86.ActiveCfg = Debug|Win32
		{D03283C9-8BC4-485E-A3AB-590866B804F4}.Debug|x86.Build.0 = Debug|Win32
		{D03283C9-8BC4-485E-A3AB-590866B804F4}.Release|Win32.ActiveCfg = Release|Win32
		{D03283C9-8BC4-485E-A3AB-590866B804F4}.Release|Win32.Build.0 = Release|Win32
		{D03283C9-8BC4-485E-A3AB-590866B804F4}.Release|x64.ActiveCfg = Release|x64
		{D03283C9-8BC4-485E-A3AB-590866B804F4}.Release|x64.Build.0 = Release|x64
		{D03283C9-8BC4-485E-A3AB-590866B804F4}.Release|x86.ActiveCfg = Release|Win32
		{D03283C9-8BC4-485E-A3AB-590866B804F4}.Release|x86.Build.0 = Release|Win32
		{ED68977A-E795-4D4C-9E50-AD23B99B227B}.Debug|Win32.ActiveCfg = Debug|Win32
		{ED68977A-E795-4D4C-9E50-AD23B99B227B}.Debug|Win32.Build.0 = Debug|Win32
		{ED68977A-E795-4D4C-9E50-AD23B99B227B}.Debug|x64.ActiveCfg = Debug|x64
		{ED68977A-E795-4D4C-9E50-AD23B99B227B}.Debug|x64.Build.0 = Debug|x64
		{ED68977A-E795-4D4C-9E50-AD23B99B227B}.Debug|x86.ActiveCfg = Debug|Win32
		{ED68977A-E795-4D4C-9E50-AD23B99B227B}.Debug|x86.Build.0 = Debug|Win32
		{ED68977A-E795-4D4C-9E50-AD23B99B227B}.Release|Win32.ActiveCfg = Release|Win32
		{ED68977A-E795-4D4C-9E50-AD23B99B227B}.Release|Win32.Build.0 = Release|Win32
		{ED68977A-E795-4D4C-9E50-AD23B99B227B}.Release|x64.ActiveCfg = Release|x64
		{ED68977A-E795-4D4C-9E50-AD23B99B227B}.Release|x64.Build.0 = Release|x64
		{ED68977A-E795-4D4C-9E50-AD23B99B227B}.Release|x86.ActiveCfg = Release|Win32
		{ED68977A-E795-4D4C-9E50-AD23B99B227B}.Release|x86.Build.0 = Release|Win32
		{8D5BDA27-1889-4907-9103-A645B5E9A721}.Debug|Win32.ActiveCfg = Debug|Win32
		{8D5BDA27-1889-4907-9103-A645B5E9A721}.Debug|Win32.Build.0 = Debug|Win32
		{8D5BDA27-1889-4907-9103-A645B5E9A721}.Debug|x64.ActiveCfg = Debug|x64
		{8D5BDA27-1889-4907-9103-A645B5E9A721}.Debug|x64.Build.0 = Debug|x64
		{8D5BDA27-1889-4907-9103-A645B5E9A721}.Debug|x86.ActiveCfg = Debug|Win32
		{8D5BDA27-1889-4907-9103-A645B5E9A721}.Debug|x86.Build.0 = Debug|Win32
		{8D5BDA27-1889-4907-9103-A645B5E9A721}.Release|Win32.ActiveCfg = Release|Win32
		{8D5BDA27-1889-4907-9103-A645B5E9A721}.Release|Win32.Build.0 = Release|Win32
		{8D5BDA27-1889-4907-9103-A645B5E9A721}.Release|x64.ActiveCfg = Release|x64
		{8D5BDA27-1889-4907-9103-A645B5E9A721}.Release|x64.Build.0 = Release|x64
		{8D5BDA27-1889-4907-9103-A645B5E9A721}.Release|x86.ActiveCfg = Release|Win32
		{8D5BDA27-1889-4907-9103-A645B5E9A721}.Release|x86.Build.0 = Release|Win32
		{E04B631C-28B2-4CA4-9696-A3D38C22E135}.Debug|Win32.ActiveCfg = Debug|Win32
		{E04B631C-28B2-4CA4-9696-A3D38C22E135}.Debug|Win32.Build.0 = Debug|Win32
		{E04B631C-28B2-4CA4-9696-A3D38C22E135}.Debug|x64.ActiveCfg = Debug|x64
		{E04B631C-28B2-4CA4-9696-A3D38C22E135}.Debug|x64.Build.0 = Debug|x64
		{E04B631C-28B2-4CA4-9696-A3D38C22E135}.Debug|x86.ActiveCfg = Debug|Win32
		{E04B631C-28B2-4CA4-9696-A3D38C22E135}.Debug|x86.Build.0 = Debug|Win32
		{E04B631C-28B2-4CA4-9696-A3D38C22E135}.Release|Win32.ActiveCfg = Release|Win32
		{E04B631C-28B2-4CA4-9696-A3D38C22E135}.Release|Win32.Build.0 = Release|Win32
		{E04B631C-28B2-4CA4-9696-A3D38C22E135}.Release|x64.ActiveCfg = Release|x64
		{E04B631C-28B2-4CA4-9696-A3D38C22E135}.Release|x64.Build.0 = Release|x64
		{E04B631C-28B2-4CA4-9696-A3D38C22E135}.Release|x86.ActiveCfg = Release|Win32
		{E04B631C-28B2-4CA4-9696-A3D38C22E135}.Release|x86.Build.0 = Release|Win32
		{1777A7E7-CA2B-4B28-A77E-88EE76EE7285}.Debug|Win32.ActiveCfg = Debug|Win32
		{1777A7E7-CA2B-4B28-A77E-88EE76EE7285}.Debug|Win32.Build.0 = Debug|Win32
		{1777A7E7-CA2B-4B28-A77E-88EE76EE7285}.Debug|x64.ActiveCfg = Debug|x64
		{1777A7E7-CA2B-4B28-A77E-88EE76EE7285}.Debug|x64.Build.0 = Debug|x64
		{1777A7E7-CA2B-4B28-A77E-88EE76EE7285}.Debug|x86.ActiveCfg = Debug|Win32
		{1777A7E7-CA2B-4B28-A77E-88EE76EE7285}.Debug|x86.Build.0 = Debug|Win32
		{1777A7E7-CA2B-4B28-A77E-88EE76EE7285}.Release|Win32.ActiveCfg = Release|Win32
		{1777A7E7-CA2B-4B28-A77E-88EE76EE7285}.Release|Win32.Build.0 = Release|Win32
		{1777A7E7-CA2B-4B28-A77E-88EE76EE7285}.Release|x64.ActiveCfg = Release|x64
		{1777A7E7-CA2B-4B28-A77E-88EE76EE7285}.Release|x64.Build.0 = Release|x64
		{1777A7E7-CA2B-4B28-A77E-88EE76EE7285}.Release|x86.ActiveCfg = Release|Win32
		{1777A7E7-CA2B-4B28-A77E-88EE76EE7285}.Release|x86.Build.0 = Release|Win32
		{C496660C-CDC4-452F-BB9F-1E6940E9070B}.Debug|Win32.ActiveCfg = Debug|Win32
		{C496660C-CDC4-452F-BB9F-1E6940E9070B}.Debug|Win32.Build.0 = Debug|Win32
		{C496660C-CDC4-452F-BB9F-1E6940E9070B}.Debug|x64.ActiveCfg = Debug|x64
		{C496660C-CDC4-452F-BB9F-1E6940E9070B}.Debug|x64.Build.0 = Debug|x64
		{C496660C-CDC4-452F-BB9F-1E6940E9070B}.Debug|x86.ActiveCfg = Debug|Win32
		{C496660C-CDC4-452F-BB9F-1E6940E9070B}.Debug|x86.Build.0 = Debug|Win32
		{C496660C-CDC4-452F-BB9F-1E6940E9070B}.Release|Win32.ActiveCfg = Release|Win32
		{C496660C-CDC4-452F-BB9F-1E6940E9070B}.Release|Win32.Build.0 = Release|Win32
		{C496660C-CDC4-452F-BB9F-1E6940E9070B}.Release|x64.ActiveCfg = Release|x64
		{C496660C-CDC4-452F-BB9F-1E6940E9070B}.Release|x64.Build.0 = Release|x64
		{C496660C-CDC4-452F-BB9F-1E6940E9070B}.Release|x86.ActiveCfg = Release|Win32
		{C496660C-CDC4-452F-BB9F-1E6940E9070B}.Release|x86.Build.0 = Release|Win32
		{99E73022-54CD-4985-8375-7EA08DEC73E7}.Debug|Win32.ActiveCfg = Debug|Win32
		{99E73022-54CD-4985-8375-7EA08DEC73E7}.Debug|Win32.Build.0 = Debug|Win32
		{99E73022-54CD-4985-8375-7EA08DEC73E7}.Debug|x64.ActiveCfg = Debug|x64
		{99E73022-54CD-4985-8375-7EA08DEC73E7}.Debug|x64.Build.0 = Debug|x64
		{99E73022-54CD-4985-8375-7EA08DEC73E7}.Debug|x86.ActiveCfg = Debug|Win32
		{99E73022-54CD-4985-8375-7EA08DEC73E7}.Debug|x86.Build.0 = Debug|Win32
		{99E73022-54CD-4985-8375-7EA08DEC73E7}.Release|Win32.ActiveCfg = Release|Win32
		{99E73022-54CD-4985-8375-7EA08DEC73E7}.Release|Win32.Build.0 = Release|Win32
		{99E73022-54CD-4985-8375-7EA08DEC73E7}.Release|x64.ActiveCfg = Release|x64
		{99E73022-54CD-4985-8375-7EA08DEC73E7}.Release|x64.Build.0 = Release|x64
		{99E73022-54CD-4985-8375-7EA08DEC73E7}.Release|x86.ActiveCfg = Release|Win32
		{99E73022-54CD-4985-8375-7EA08DEC73E7}.Release|x86.Build.0 = Release|Win32
		{28FF44E0-8F50-4FF6-8A78-67190921E491}.Debug|Win32.ActiveCfg = Debug|Win32
		{28FF44E0-8F50-4FF6-8A78-67190921E491}.Debug|Win32.Build.0 = Debug|Win32
		{28FF44E0-8F50-4FF6-8A78-67190921E491}.Debug|x64.ActiveCfg = Debug|x64
		{28FF44E0-8F50-4FF6-8A78-67190921E491}.Debug|x64.Build.0 = Debug|x64
		{28FF44E0-8F50-4FF6-8A78-67190921E491}.Debug|x86.ActiveCfg = Debug|Win32
		{28FF44E0-8F50-4FF6-8A78-67190921E491}.Debug|x86.Build.0 = Debug|Win32
		{28FF44E0-8F50-4FF6-8A78-67190921E491}.Release|Win32.ActiveCfg = Release|Win32
		{28FF44E0-8F50-4FF6-8A78-67190921E491}.Release|Win32.Build.0 = Release|Win32
		{28FF44E0-8F50-4FF6-8A78-67190921E491}.Release|x64.ActiveCfg = Release|x64
		{28FF44E0-8F50-4FF6-8A78-67190921E491}.Release|x64.Build.0 = Release|x64
		{28FF44E0-8F50-4FF6-8A78-67190921E491}.Release|x86.ActiveCfg = Release|Win32
		{28FF44E0-8F50-4FF6-8A78-67190921E491}.Release|x86.Build.0 = Release|Win32
		{FAAA6FDF-757D-4C5F-8516-338A25AA0A07}.Debug|Win32.ActiveCfg = Debug|Win32
		{FAAA6FDF-757D-4C5F-8516-338A25AA0A07}.Debug|Win32.Build.0 = Debug|Win32
		{FAAA6FDF-757D-4C5F-8516-338A25AA0A07}.Debug|x64.ActiveCfg = Debug|x64
		{FAAA6FDF-757D-4C5F-8516-338A25AA0A07}.Debug|x64.Build.0 = Debug|x64
		{FAAA6FDF-757D-4C5F-8516-338A25AA0A07}.Debug|x86.ActiveCfg = Debug|Win32
		{FAAA6FDF-757D-4C5F-8516-338A25AA0A07}.Debug|x86.Build.0 = Debug|Win32
		{FAAA6FDF-757D-4C5F-8516-338A25AA0A07}.Release|Win32.ActiveCfg = Release|Win32
		{FAAA6FDF-757D-4C5F-8516-338A25AA0A07}.Release|Win32.Build.0 = Release|Win32
		{FAAA6FDF-757D-4C5F-8516-338A25AA0A07}.Release|x64.ActiveCfg = Release|x64
		{FAAA6FDF-757D-4C5F-8516-338A25AA0A07}.Release|x64.Build.0 = Release|x64
		{FAAA6FDF-757D-4C5F-8516-338A25AA0A07}.Release|x86.ActiveCfg = Release|Win32
		{FAAA6FDF-757D-4C5F-8516-338A25AA0A07}.Release|x86.Build.0 = Release|Win32
	EndGlobalSection
	GlobalSection(SolutionProperties) = preSolution
		HideSolutionNode = FALSE
	EndGlobalSection
	GlobalSection(NestedProjects) = preSolution
		{38BA069F-E468-43E8-A4E1-1804135D3E51} = {D4E7DAEA-4895-4F48-B51F-DA478FB01685}
		{9EF7711E-0C73-4F67-A873-A5D3A708E997} = {D4E7DAEA-4895-4F48-B51F-DA478FB01685}
		{01822FF1-0604-416E-B840-B4C38D416F3A} = {D4E7DAEA-4895-4F48-B51F-DA478FB01685}
		{1445604F-8F9D-4CC8-981B-4DBCDF8A4D3C} = {D4E7DAEA-4895-4F48-B51F-DA478FB01685}
		{1A03AAD7-E5FE-45B0-ABF4-331746F59EB9} = {90D3DF6C-3858-4260-AB5F-97765A6067E2}
		{8060C2F6-46FF-4C90-AE23-C170A0866412} = {90D3DF6C-3858-4260-AB5F-97765A6067E2}
		{D833F04D-6CA4-4D86-83DA-58647617FD5F} = {90D3DF6C-3858-4260-AB5F-97765A6067E2}
		{94004E57-D63F-45CD-A82E-7E7C37C5121E} = {1CA253AF-9530-4973-999B-115F37A96602}
		{456316E4-03E5-43DF-946A-D35BEFC480F3} = {90D3DF6C-3858-4260-AB5F-97765A6067E2}
		{2FB5EED6-D4C8-4D36-A21F-E32ECE2771B2} = {D4E7DAEA-4895-4F48-B51F-DA478FB01685}
		{088850B1-3C98-4EEC-BD18-86FF610A7EB3} = {90D3DF6C-3858-4260-AB5F-97765A6067E2}
		{6FEB4A69-A092-42FE-B052-1E5487C6EF16} = {90D3DF6C-3858-4260-AB5F-97765A6067E2}
		{AD8216C9-0943-4B13-9B48-8A270146D931} = {90D3DF6C-3858-4260-AB5F-97765A6067E2}
		{6B65ADD8-7BB3-48E3-B584-EB1BCBE0EEAF} = {90D3DF6C-3858-4260-AB5F-97765A6067E2}
		{8F0D99E8-88B4-4C01-BBFC-81EAD6F69ACD} = {D4E7DAEA-4895-4F48-B51F-DA478FB01685}
		{D03283C9-8BC4-485E-A3AB-590866B804F4} = {562EC71F-2626-464C-95B6-707384271E25}
		{ED68977A-E795-4D4C-9E50-AD23B99B227B} = {562EC71F-2626-464C-95B6-707384271E25}
		{8D5BDA27-1889-4907-9103-A645B5E9A721} = {562EC71F-2626-464C-95B6-707384271E25}
		{E04B631C-28B2-4CA4-9696-A3D38C22E135} = {562EC71F-2626-464C-95B6-707384271E25}
		{1777A7E7-CA2B-4B28-A77E-88EE76EE7285} = {562EC71F-2626-464C-95B6-707384271E25}
		{C496660C-CDC4-452F-BB9F-1E6940E9070B} = {562EC71F-2626-464C-95B6-707384271E25}
		{99E73022-54CD-4985-8375-7EA08DEC73E7} = {562EC71F-2626-464C-95B6-707384271E25}
		{28FF44E0-8F50-4FF6-8A78-67190921E491} = {562EC71F-2626-464C-95B6-707384271E25}
		{FAAA6FDF-757D-4C5F-8516-338A25AA0A07} = {562EC71F-2626-464C-95B6-707384271E25}
	EndGlobalSection
EndGlobal
