
Microsoft Visual Studio Solution File, Format Version 12.00
# Visual Studio 2012
Project("{2150E333-8FDC-42A3-9474-1A3956D46DE8}") = "test", "test", "{90D3DF6C-3858-4260-AB5F-97765A6067E2}"
EndProject
Project("{2150E333-8FDC-42A3-9474-1A3956D46DE8}") = "utests", "utests", "{D4E7DAEA-4895-4F48-B51F-DA478FB01685}"
EndProject
Project("{8BC9CEB8-8B4A-11D0-8D11-00A0C91BC942}") = "compiler", "compiler.vcxproj", "{7B5E1760-9591-4E90-861A-9C2611DDFAC9}"
	ProjectSection(ProjectDependencies) = postProject
		{6BC204CA-6C4F-44E3-BBF8-09A4CA4BC223} = {6BC204CA-6C4F-44E3-BBF8-09A4CA4BC223}
	EndProjectSection
EndProject
Project("{8BC9CEB8-8B4A-11D0-8D11-00A0C91BC942}") = "fileLogger", "fileLogger.vcxproj", "{38BA069F-E468-43E8-A4E1-1804135D3E51}"
	ProjectSection(ProjectDependencies) = postProject
		{7B5E1760-9591-4E90-861A-9C2611DDFAC9} = {7B5E1760-9591-4E90-861A-9C2611DDFAC9}
	EndProjectSection
EndProject
Project("{8BC9CEB8-8B4A-11D0-8D11-00A0C91BC942}") = "filePersister", "filePersister.vcxproj", "{9EF7711E-0C73-4F67-A873-A5D3A708E997}"
	ProjectSection(ProjectDependencies) = postProject
		{7B5E1760-9591-4E90-861A-9C2611DDFAC9} = {7B5E1760-9591-4E90-861A-9C2611DDFAC9}
	EndProjectSection
EndProject
Project("{8BC9CEB8-8B4A-11D0-8D11-00A0C91BC942}") = "messageTest", "messageTest.vcxproj", "{01822FF1-0604-416E-B840-B4C38D416F3A}"
	ProjectSection(ProjectDependencies) = postProject
		{7B5E1760-9591-4E90-861A-9C2611DDFAC9} = {7B5E1760-9591-4E90-861A-9C2611DDFAC9}
	EndProjectSection
EndProject
Project("{8BC9CEB8-8B4A-11D0-8D11-00A0C91BC942}") = "sessionTest", "sessionTest.vcxproj", "{1445604F-8F9D-4CC8-981B-4DBCDF8A4D3C}"
	ProjectSection(ProjectDependencies) = postProject
		{7B5E1760-9591-4E90-861A-9C2611DDFAC9} = {7B5E1760-9591-4E90-861A-9C2611DDFAC9}
	EndProjectSection
EndProject
Project("{8BC9CEB8-8B4A-11D0-8D11-00A0C91BC942}") = "harness", "harness.vcxproj", "{1A03AAD7-E5FE-45B0-ABF4-331746F59EB9}"
	ProjectSection(ProjectDependencies) = postProject
		{7B5E1760-9591-4E90-861A-9C2611DDFAC9} = {7B5E1760-9591-4E90-861A-9C2611DDFAC9}
	EndProjectSection
EndProject
Project("{8BC9CEB8-8B4A-11D0-8D11-00A0C91BC942}") = "hftest", "hftest.vcxproj", "{8060C2F6-46FF-4C90-AE23-C170A0866412}"
	ProjectSection(ProjectDependencies) = postProject
		{7B5E1760-9591-4E90-861A-9C2611DDFAC9} = {7B5E1760-9591-4E90-861A-9C2611DDFAC9}
	EndProjectSection
EndProject
Project("{8BC9CEB8-8B4A-11D0-8D11-00A0C91BC942}") = "runtime", "runtime.vcxproj", "{6BC204CA-6C4F-44E3-BBF8-09A4CA4BC223}"
EndProject
Project("{8BC9CEB8-8B4A-11D0-8D11-00A0C91BC942}") = "hfprint", "hfprint.vcxproj", "{D833F04D-6CA4-4D86-83DA-58647617FD5F}"
	ProjectSection(ProjectDependencies) = postProject
		{7B5E1760-9591-4E90-861A-9C2611DDFAC9} = {7B5E1760-9591-4E90-861A-9C2611DDFAC9}
	EndProjectSection
EndProject
Project("{8BC9CEB8-8B4A-11D0-8D11-00A0C91BC942}") = "seqedit", "seqedit.vcxproj", "{94004E57-D63F-45CD-A82E-7E7C37C5121E}"
EndProject
Project("{2150E333-8FDC-42A3-9474-1A3956D46DE8}") = "util", "util", "{1CA253AF-9530-4973-999B-115F37A96602}"
EndProject
Global
	GlobalSection(SolutionConfigurationPlatforms) = preSolution
		Debug|Win32 = Debug|Win32
		Release|Win32 = Release|Win32
	EndGlobalSection
	GlobalSection(ProjectConfigurationPlatforms) = postSolution
		{7B5E1760-9591-4E90-861A-9C2611DDFAC9}.Debug|Win32.ActiveCfg = Debug|Win32
		{7B5E1760-9591-4E90-861A-9C2611DDFAC9}.Debug|Win32.Build.0 = Debug|Win32
		{7B5E1760-9591-4E90-861A-9C2611DDFAC9}.Release|Win32.ActiveCfg = Release|Win32
		{7B5E1760-9591-4E90-861A-9C2611DDFAC9}.Release|Win32.Build.0 = Release|Win32
		{38BA069F-E468-43E8-A4E1-1804135D3E51}.Debug|Win32.ActiveCfg = Debug|Win32
		{38BA069F-E468-43E8-A4E1-1804135D3E51}.Debug|Win32.Build.0 = Debug|Win32
		{38BA069F-E468-43E8-A4E1-1804135D3E51}.Release|Win32.ActiveCfg = Release|Win32
		{38BA069F-E468-43E8-A4E1-1804135D3E51}.Release|Win32.Build.0 = Release|Win32
		{9EF7711E-0C73-4F67-A873-A5D3A708E997}.Debug|Win32.ActiveCfg = Debug|Win32
		{9EF7711E-0C73-4F67-A873-A5D3A708E997}.Debug|Win32.Build.0 = Debug|Win32
		{9EF7711E-0C73-4F67-A873-A5D3A708E997}.Release|Win32.ActiveCfg = Release|Win32
		{9EF7711E-0C73-4F67-A873-A5D3A708E997}.Release|Win32.Build.0 = Release|Win32
		{01822FF1-0604-416E-B840-B4C38D416F3A}.Debug|Win32.ActiveCfg = Debug|Win32
		{01822FF1-0604-416E-B840-B4C38D416F3A}.Debug|Win32.Build.0 = Debug|Win32
		{01822FF1-0604-416E-B840-B4C38D416F3A}.Release|Win32.ActiveCfg = Release|Win32
		{01822FF1-0604-416E-B840-B4C38D416F3A}.Release|Win32.Build.0 = Release|Win32
		{1445604F-8F9D-4CC8-981B-4DBCDF8A4D3C}.Debug|Win32.ActiveCfg = Debug|Win32
		{1445604F-8F9D-4CC8-981B-4DBCDF8A4D3C}.Debug|Win32.Build.0 = Debug|Win32
		{1445604F-8F9D-4CC8-981B-4DBCDF8A4D3C}.Release|Win32.ActiveCfg = Release|Win32
		{1445604F-8F9D-4CC8-981B-4DBCDF8A4D3C}.Release|Win32.Build.0 = Release|Win32
		{1A03AAD7-E5FE-45B0-ABF4-331746F59EB9}.Debug|Win32.ActiveCfg = Debug|Win32
		{1A03AAD7-E5FE-45B0-ABF4-331746F59EB9}.Debug|Win32.Build.0 = Debug|Win32
		{1A03AAD7-E5FE-45B0-ABF4-331746F59EB9}.Release|Win32.ActiveCfg = Release|Win32
		{1A03AAD7-E5FE-45B0-ABF4-331746F59EB9}.Release|Win32.Build.0 = Release|Win32
		{8060C2F6-46FF-4C90-AE23-C170A0866412}.Debug|Win32.ActiveCfg = Debug|Win32
		{8060C2F6-46FF-4C90-AE23-C170A0866412}.Debug|Win32.Build.0 = Debug|Win32
		{8060C2F6-46FF-4C90-AE23-C170A0866412}.Release|Win32.ActiveCfg = Release|Win32
		{8060C2F6-46FF-4C90-AE23-C170A0866412}.Release|Win32.Build.0 = Release|Win32
		{6BC204CA-6C4F-44E3-BBF8-09A4CA4BC223}.Debug|Win32.ActiveCfg = Debug|Win32
		{6BC204CA-6C4F-44E3-BBF8-09A4CA4BC223}.Debug|Win32.Build.0 = Debug|Win32
		{6BC204CA-6C4F-44E3-BBF8-09A4CA4BC223}.Release|Win32.ActiveCfg = Release|Win32
		{6BC204CA-6C4F-44E3-BBF8-09A4CA4BC223}.Release|Win32.Build.0 = Release|Win32
		{D833F04D-6CA4-4D86-83DA-58647617FD5F}.Debug|Win32.ActiveCfg = Debug|Win32
		{D833F04D-6CA4-4D86-83DA-58647617FD5F}.Debug|Win32.Build.0 = Debug|Win32
		{D833F04D-6CA4-4D86-83DA-58647617FD5F}.Release|Win32.ActiveCfg = Release|Win32
		{D833F04D-6CA4-4D86-83DA-58647617FD5F}.Release|Win32.Build.0 = Release|Win32
		{94004E57-D63F-45CD-A82E-7E7C37C5121E}.Debug|Win32.ActiveCfg = Debug|Win32
		{94004E57-D63F-45CD-A82E-7E7C37C5121E}.Debug|Win32.Build.0 = Debug|Win32
		{94004E57-D63F-45CD-A82E-7E7C37C5121E}.Release|Win32.ActiveCfg = Release|Win32
		{94004E57-D63F-45CD-A82E-7E7C37C5121E}.Release|Win32.Build.0 = Release|Win32
	EndGlobalSection
	GlobalSection(SolutionProperties) = preSolution
		HideSolutionNode = FALSE
	EndGlobalSection
	GlobalSection(NestedProjects) = preSolution
		{1A03AAD7-E5FE-45B0-ABF4-331746F59EB9} = {90D3DF6C-3858-4260-AB5F-97765A6067E2}
		{8060C2F6-46FF-4C90-AE23-C170A0866412} = {90D3DF6C-3858-4260-AB5F-97765A6067E2}
		{D833F04D-6CA4-4D86-83DA-58647617FD5F} = {90D3DF6C-3858-4260-AB5F-97765A6067E2}
		{38BA069F-E468-43E8-A4E1-1804135D3E51} = {D4E7DAEA-4895-4F48-B51F-DA478FB01685}
		{9EF7711E-0C73-4F67-A873-A5D3A708E997} = {D4E7DAEA-4895-4F48-B51F-DA478FB01685}
		{01822FF1-0604-416E-B840-B4C38D416F3A} = {D4E7DAEA-4895-4F48-B51F-DA478FB01685}
		{1445604F-8F9D-4CC8-981B-4DBCDF8A4D3C} = {D4E7DAEA-4895-4F48-B51F-DA478FB01685}
		{94004E57-D63F-45CD-A82E-7E7C37C5121E} = {1CA253AF-9530-4973-999B-115F37A96602}
	EndGlobalSection
EndGlobal
